// !$*UTF8*$!
{
	archiveVersion = 1;
	classes = {
	};
	objectVersion = 46;
	objects = {

/* Begin PBXBuildFile section */
		DC7924C019B95D9600C8E1BB /* Foundation.framework in Frameworks */ = {isa = PBXBuildFile; fileRef = DC7924BF19B95D9600C8E1BB /* Foundation.framework */; };
		DC7924C219B95D9600C8E1BB /* CoreGraphics.framework in Frameworks */ = {isa = PBXBuildFile; fileRef = DC7924C119B95D9600C8E1BB /* CoreGraphics.framework */; };
		DC7924C419B95D9600C8E1BB /* UIKit.framework in Frameworks */ = {isa = PBXBuildFile; fileRef = DC7924C319B95D9600C8E1BB /* UIKit.framework */; };
		DC7924CA19B95D9600C8E1BB /* InfoPlist.strings in Resources */ = {isa = PBXBuildFile; fileRef = DC7924C819B95D9600C8E1BB /* InfoPlist.strings */; };
		DC7924CC19B95D9600C8E1BB /* main.m in Sources */ = {isa = PBXBuildFile; fileRef = DC7924CB19B95D9600C8E1BB /* main.m */; };
		DC7924D019B95D9600C8E1BB /* AppDelegate.m in Sources */ = {isa = PBXBuildFile; fileRef = DC7924CF19B95D9600C8E1BB /* AppDelegate.m */; };
		DC7924D319B95D9600C8E1BB /* Main.storyboard in Resources */ = {isa = PBXBuildFile; fileRef = DC7924D119B95D9600C8E1BB /* Main.storyboard */; };
		DC7924D619B95D9600C8E1BB /* ViewController.m in Sources */ = {isa = PBXBuildFile; fileRef = DC7924D519B95D9600C8E1BB /* ViewController.m */; };
		DC7924D819B95D9600C8E1BB /* Images.xcassets in Resources */ = {isa = PBXBuildFile; fileRef = DC7924D719B95D9600C8E1BB /* Images.xcassets */; };
		DC7924DF19B95D9700C8E1BB /* XCTest.framework in Frameworks */ = {isa = PBXBuildFile; fileRef = DC7924DE19B95D9700C8E1BB /* XCTest.framework */; };
		DC7924E019B95D9700C8E1BB /* Foundation.framework in Frameworks */ = {isa = PBXBuildFile; fileRef = DC7924BF19B95D9600C8E1BB /* Foundation.framework */; };
		DC7924E119B95D9700C8E1BB /* UIKit.framework in Frameworks */ = {isa = PBXBuildFile; fileRef = DC7924C319B95D9600C8E1BB /* UIKit.framework */; };
		DC7924E919B95D9700C8E1BB /* InfoPlist.strings in Resources */ = {isa = PBXBuildFile; fileRef = DC7924E719B95D9700C8E1BB /* InfoPlist.strings */; };
		DC7924EB19B95D9700C8E1BB /* searchWithPYTestTests.m in Sources */ = {isa = PBXBuildFile; fileRef = DC7924EA19B95D9700C8E1BB /* searchWithPYTestTests.m */; };
		DC79250619B95E3B00C8E1BB /* ChineseToPinyinResource.m in Sources */ = {isa = PBXBuildFile; fileRef = DC7924F719B95E3B00C8E1BB /* ChineseToPinyinResource.m */; };
		DC79250719B95E3B00C8E1BB /* HanyuPinyinOutputFormat.m in Sources */ = {isa = PBXBuildFile; fileRef = DC7924F919B95E3B00C8E1BB /* HanyuPinyinOutputFormat.m */; };
		DC79250819B95E3B00C8E1BB /* NSString+PinYin4Cocoa.m in Sources */ = {isa = PBXBuildFile; fileRef = DC7924FB19B95E3B00C8E1BB /* NSString+PinYin4Cocoa.m */; };
		DC79250919B95E3B00C8E1BB /* PinyinFormatter.m in Sources */ = {isa = PBXBuildFile; fileRef = DC7924FE19B95E3B00C8E1BB /* PinyinFormatter.m */; };
		DC79250A19B95E3B00C8E1BB /* PinYinForObjc.m in Sources */ = {isa = PBXBuildFile; fileRef = DC79250019B95E3B00C8E1BB /* PinYinForObjc.m */; };
		DC79250B19B95E3B00C8E1BB /* PinyinHelper.m in Sources */ = {isa = PBXBuildFile; fileRef = DC79250219B95E3B00C8E1BB /* PinyinHelper.m */; };
		DC79250C19B95E3B00C8E1BB /* unicode_to_hanyu_pinyin.txt in Resources */ = {isa = PBXBuildFile; fileRef = DC79250319B95E3B00C8E1BB /* unicode_to_hanyu_pinyin.txt */; };
		DC79250D19B95E3B00C8E1BB /* SearchResultTabCon.m in Sources */ = {isa = PBXBuildFile; fileRef = DC79250519B95E3B00C8E1BB /* SearchResultTabCon.m */; };
		DC79250F19B95E5200C8E1BB /* citydict.plist in Resources */ = {isa = PBXBuildFile; fileRef = DC79250E19B95E5200C8E1BB /* citydict.plist */; };
/* End PBXBuildFile section */

/* Begin PBXContainerItemProxy section */
		DC7924E219B95D9700C8E1BB /* PBXContainerItemProxy */ = {
			isa = PBXContainerItemProxy;
			containerPortal = DC7924B419B95D9600C8E1BB /* Project object */;
			proxyType = 1;
			remoteGlobalIDString = DC7924BB19B95D9600C8E1BB;
			remoteInfo = searchWithPYTest;
		};
/* End PBXContainerItemProxy section */

/* Begin PBXFileReference section */
		DC7924BC19B95D9600C8E1BB /* searchWithPYTest.app */ = {isa = PBXFileReference; explicitFileType = wrapper.application; includeInIndex = 0; path = searchWithPYTest.app; sourceTree = BUILT_PRODUCTS_DIR; };
		DC7924BF19B95D9600C8E1BB /* Foundation.framework */ = {isa = PBXFileReference; lastKnownFileType = wrapper.framework; name = Foundation.framework; path = System/Library/Frameworks/Foundation.framework; sourceTree = SDKROOT; };
		DC7924C119B95D9600C8E1BB /* CoreGraphics.framework */ = {isa = PBXFileReference; lastKnownFileType = wrapper.framework; name = CoreGraphics.framework; path = System/Library/Frameworks/CoreGraphics.framework; sourceTree = SDKROOT; };
		DC7924C319B95D9600C8E1BB /* UIKit.framework */ = {isa = PBXFileReference; lastKnownFileType = wrapper.framework; name = UIKit.framework; path = System/Library/Frameworks/UIKit.framework; sourceTree = SDKROOT; };
		DC7924C719B95D9600C8E1BB /* searchWithPYTest-Info.plist */ = {isa = PBXFileReference; lastKnownFileType = text.plist.xml; path = "searchWithPYTest-Info.plist"; sourceTree = "<group>"; };
		DC7924C919B95D9600C8E1BB /* en */ = {isa = PBXFileReference; lastKnownFileType = text.plist.strings; name = en; path = en.lproj/InfoPlist.strings; sourceTree = "<group>"; };
		DC7924CB19B95D9600C8E1BB /* main.m */ = {isa = PBXFileReference; lastKnownFileType = sourcecode.c.objc; path = main.m; sourceTree = "<group>"; };
		DC7924CD19B95D9600C8E1BB /* searchWithPYTest-Prefix.pch */ = {isa = PBXFileReference; lastKnownFileType = sourcecode.c.h; path = "searchWithPYTest-Prefix.pch"; sourceTree = "<group>"; };
		DC7924CE19B95D9600C8E1BB /* AppDelegate.h */ = {isa = PBXFileReference; lastKnownFileType = sourcecode.c.h; path = AppDelegate.h; sourceTree = "<group>"; };
		DC7924CF19B95D9600C8E1BB /* AppDelegate.m */ = {isa = PBXFileReference; lastKnownFileType = sourcecode.c.objc; path = AppDelegate.m; sourceTree = "<group>"; };
		DC7924D219B95D9600C8E1BB /* Base */ = {isa = PBXFileReference; lastKnownFileType = file.storyboard; name = Base; path = Base.lproj/Main.storyboard; sourceTree = "<group>"; };
		DC7924D419B95D9600C8E1BB /* ViewController.h */ = {isa = PBXFileReference; lastKnownFileType = sourcecode.c.h; path = ViewController.h; sourceTree = "<group>"; };
		DC7924D519B95D9600C8E1BB /* ViewController.m */ = {isa = PBXFileReference; lastKnownFileType = sourcecode.c.objc; path = ViewController.m; sourceTree = "<group>"; };
		DC7924D719B95D9600C8E1BB /* Images.xcassets */ = {isa = PBXFileReference; lastKnownFileType = folder.assetcatalog; path = Images.xcassets; sourceTree = "<group>"; };
		DC7924DD19B95D9700C8E1BB /* searchWithPYTestTests.xctest */ = {isa = PBXFileReference; explicitFileType = wrapper.cfbundle; includeInIndex = 0; path = searchWithPYTestTests.xctest; sourceTree = BUILT_PRODUCTS_DIR; };
		DC7924DE19B95D9700C8E1BB /* XCTest.framework */ = {isa = PBXFileReference; lastKnownFileType = wrapper.framework; name = XCTest.framework; path = Library/Frameworks/XCTest.framework; sourceTree = DEVELOPER_DIR; };
		DC7924E619B95D9700C8E1BB /* searchWithPYTestTests-Info.plist */ = {isa = PBXFileReference; lastKnownFileType = text.plist.xml; path = "searchWithPYTestTests-Info.plist"; sourceTree = "<group>"; };
		DC7924E819B95D9700C8E1BB /* en */ = {isa = PBXFileReference; lastKnownFileType = text.plist.strings; name = en; path = en.lproj/InfoPlist.strings; sourceTree = "<group>"; };
		DC7924EA19B95D9700C8E1BB /* searchWithPYTestTests.m */ = {isa = PBXFileReference; lastKnownFileType = sourcecode.c.objc; path = searchWithPYTestTests.m; sourceTree = "<group>"; };
		DC7924F619B95E3B00C8E1BB /* ChineseToPinyinResource.h */ = {isa = PBXFileReference; fileEncoding = 4; lastKnownFileType = sourcecode.c.h; path = ChineseToPinyinResource.h; sourceTree = "<group>"; };
		DC7924F719B95E3B00C8E1BB /* ChineseToPinyinResource.m */ = {isa = PBXFileReference; fileEncoding = 4; lastKnownFileType = sourcecode.c.objc; path = ChineseToPinyinResource.m; sourceTree = "<group>"; };
		DC7924F819B95E3B00C8E1BB /* HanyuPinyinOutputFormat.h */ = {isa = PBXFileReference; fileEncoding = 4; lastKnownFileType = sourcecode.c.h; path = HanyuPinyinOutputFormat.h; sourceTree = "<group>"; };
		DC7924F919B95E3B00C8E1BB /* HanyuPinyinOutputFormat.m */ = {isa = PBXFileReference; fileEncoding = 4; lastKnownFileType = sourcecode.c.objc; path = HanyuPinyinOutputFormat.m; sourceTree = "<group>"; };
		DC7924FA19B95E3B00C8E1BB /* NSString+PinYin4Cocoa.h */ = {isa = PBXFileReference; fileEncoding = 4; lastKnownFileType = sourcecode.c.h; path = "NSString+PinYin4Cocoa.h"; sourceTree = "<group>"; };
		DC7924FB19B95E3B00C8E1BB /* NSString+PinYin4Cocoa.m */ = {isa = PBXFileReference; fileEncoding = 4; lastKnownFileType = sourcecode.c.objc; path = "NSString+PinYin4Cocoa.m"; sourceTree = "<group>"; };
		DC7924FC19B95E3B00C8E1BB /* PinYin4Objc.h */ = {isa = PBXFileReference; fileEncoding = 4; lastKnownFileType = sourcecode.c.h; path = PinYin4Objc.h; sourceTree = "<group>"; };
		DC7924FD19B95E3B00C8E1BB /* PinyinFormatter.h */ = {isa = PBXFileReference; fileEncoding = 4; lastKnownFileType = sourcecode.c.h; path = PinyinFormatter.h; sourceTree = "<group>"; };
		DC7924FE19B95E3B00C8E1BB /* PinyinFormatter.m */ = {isa = PBXFileReference; fileEncoding = 4; lastKnownFileType = sourcecode.c.objc; path = PinyinFormatter.m; sourceTree = "<group>"; };
		DC7924FF19B95E3B00C8E1BB /* PinYinForObjc.h */ = {isa = PBXFileReference; fileEncoding = 4; lastKnownFileType = sourcecode.c.h; path = PinYinForObjc.h; sourceTree = "<group>"; };
		DC79250019B95E3B00C8E1BB /* PinYinForObjc.m */ = {isa = PBXFileReference; fileEncoding = 4; lastKnownFileType = sourcecode.c.objc; path = PinYinForObjc.m; sourceTree = "<group>"; };
		DC79250119B95E3B00C8E1BB /* PinyinHelper.h */ = {isa = PBXFileReference; fileEncoding = 4; lastKnownFileType = sourcecode.c.h; path = PinyinHelper.h; sourceTree = "<group>"; };
		DC79250219B95E3B00C8E1BB /* PinyinHelper.m */ = {isa = PBXFileReference; fileEncoding = 4; lastKnownFileType = sourcecode.c.objc; path = PinyinHelper.m; sourceTree = "<group>"; };
		DC79250319B95E3B00C8E1BB /* unicode_to_hanyu_pinyin.txt */ = {isa = PBXFileReference; fileEncoding = 4; lastKnownFileType = text; path = unicode_to_hanyu_pinyin.txt; sourceTree = "<group>"; };
		DC79250419B95E3B00C8E1BB /* SearchResultTabCon.h */ = {isa = PBXFileReference; fileEncoding = 4; lastKnownFileType = sourcecode.c.h; path = SearchResultTabCon.h; sourceTree = "<group>"; };
		DC79250519B95E3B00C8E1BB /* SearchResultTabCon.m */ = {isa = PBXFileReference; fileEncoding = 4; lastKnownFileType = sourcecode.c.objc; path = SearchResultTabCon.m; sourceTree = "<group>"; };
		DC79250E19B95E5200C8E1BB /* citydict.plist */ = {isa = PBXFileReference; fileEncoding = 4; lastKnownFileType = text.plist.xml; name = citydict.plist; path = searchWithPYTest/citydict.plist; sourceTree = "<group>"; };
/* End PBXFileReference section */

/* Begin PBXFrameworksBuildPhase section */
		DC7924B919B95D9600C8E1BB /* Frameworks */ = {
			isa = PBXFrameworksBuildPhase;
			buildActionMask = 2147483647;
			files = (
				DC7924C219B95D9600C8E1BB /* CoreGraphics.framework in Frameworks */,
				DC7924C419B95D9600C8E1BB /* UIKit.framework in Frameworks */,
				DC7924C019B95D9600C8E1BB /* Foundation.framework in Frameworks */,
			);
			runOnlyForDeploymentPostprocessing = 0;
		};
		DC7924DA19B95D9700C8E1BB /* Frameworks */ = {
			isa = PBXFrameworksBuildPhase;
			buildActionMask = 2147483647;
			files = (
				DC7924DF19B95D9700C8E1BB /* XCTest.framework in Frameworks */,
				DC7924E119B95D9700C8E1BB /* UIKit.framework in Frameworks */,
				DC7924E019B95D9700C8E1BB /* Foundation.framework in Frameworks */,
			);
			runOnlyForDeploymentPostprocessing = 0;
		};
/* End PBXFrameworksBuildPhase section */

/* Begin PBXGroup section */
		DC7924B319B95D9600C8E1BB = {
			isa = PBXGroup;
			children = (
				DC79250E19B95E5200C8E1BB /* citydict.plist */,
				DC7924C519B95D9600C8E1BB /* searchWithPYTest */,
				DC7924E419B95D9700C8E1BB /* searchWithPYTestTests */,
				DC7924BE19B95D9600C8E1BB /* Frameworks */,
				DC7924BD19B95D9600C8E1BB /* Products */,
			);
			sourceTree = "<group>";
		};
		DC7924BD19B95D9600C8E1BB /* Products */ = {
			isa = PBXGroup;
			children = (
				DC7924BC19B95D9600C8E1BB /* searchWithPYTest.app */,
				DC7924DD19B95D9700C8E1BB /* searchWithPYTestTests.xctest */,
			);
			name = Products;
			sourceTree = "<group>";
		};
		DC7924BE19B95D9600C8E1BB /* Frameworks */ = {
			isa = PBXGroup;
			children = (
				DC7924BF19B95D9600C8E1BB /* Foundation.framework */,
				DC7924C119B95D9600C8E1BB /* CoreGraphics.framework */,
				DC7924C319B95D9600C8E1BB /* UIKit.framework */,
				DC7924DE19B95D9700C8E1BB /* XCTest.framework */,
			);
			name = Frameworks;
			sourceTree = "<group>";
		};
		DC7924C519B95D9600C8E1BB /* searchWithPYTest */ = {
			isa = PBXGroup;
			children = (
				DC7924F419B95E3B00C8E1BB /* resources */,
				DC79250419B95E3B00C8E1BB /* SearchResultTabCon.h */,
				DC79250519B95E3B00C8E1BB /* SearchResultTabCon.m */,
				DC7924CE19B95D9600C8E1BB /* AppDelegate.h */,
				DC7924CF19B95D9600C8E1BB /* AppDelegate.m */,
				DC7924D119B95D9600C8E1BB /* Main.storyboard */,
				DC7924D419B95D9600C8E1BB /* ViewController.h */,
				DC7924D519B95D9600C8E1BB /* ViewController.m */,
				DC7924D719B95D9600C8E1BB /* Images.xcassets */,
				DC7924C619B95D9600C8E1BB /* Supporting Files */,
			);
			path = searchWithPYTest;
			sourceTree = "<group>";
		};
		DC7924C619B95D9600C8E1BB /* Supporting Files */ = {
			isa = PBXGroup;
			children = (
				DC7924C719B95D9600C8E1BB /* searchWithPYTest-Info.plist */,
				DC7924C819B95D9600C8E1BB /* InfoPlist.strings */,
				DC7924CB19B95D9600C8E1BB /* main.m */,
				DC7924CD19B95D9600C8E1BB /* searchWithPYTest-Prefix.pch */,
			);
			name = "Supporting Files";
			sourceTree = "<group>";
		};
		DC7924E419B95D9700C8E1BB /* searchWithPYTestTests */ = {
			isa = PBXGroup;
			children = (
				DC7924EA19B95D9700C8E1BB /* searchWithPYTestTests.m */,
				DC7924E519B95D9700C8E1BB /* Supporting Files */,
			);
			path = searchWithPYTestTests;
			sourceTree = "<group>";
		};
		DC7924E519B95D9700C8E1BB /* Supporting Files */ = {
			isa = PBXGroup;
			children = (
				DC7924E619B95D9700C8E1BB /* searchWithPYTestTests-Info.plist */,
				DC7924E719B95D9700C8E1BB /* InfoPlist.strings */,
			);
			name = "Supporting Files";
			sourceTree = "<group>";
		};
		DC7924F419B95E3B00C8E1BB /* resources */ = {
			isa = PBXGroup;
			children = (
				DC7924F519B95E3B00C8E1BB /* PinYin4Objc */,
			);
			path = resources;
			sourceTree = "<group>";
		};
		DC7924F519B95E3B00C8E1BB /* PinYin4Objc */ = {
			isa = PBXGroup;
			children = (
				DC7924F619B95E3B00C8E1BB /* ChineseToPinyinResource.h */,
				DC7924F719B95E3B00C8E1BB /* ChineseToPinyinResource.m */,
				DC7924F819B95E3B00C8E1BB /* HanyuPinyinOutputFormat.h */,
				DC7924F919B95E3B00C8E1BB /* HanyuPinyinOutputFormat.m */,
				DC7924FA19B95E3B00C8E1BB /* NSString+PinYin4Cocoa.h */,
				DC7924FB19B95E3B00C8E1BB /* NSString+PinYin4Cocoa.m */,
				DC7924FC19B95E3B00C8E1BB /* PinYin4Objc.h */,
				DC7924FD19B95E3B00C8E1BB /* PinyinFormatter.h */,
				DC7924FE19B95E3B00C8E1BB /* PinyinFormatter.m */,
				DC7924FF19B95E3B00C8E1BB /* PinYinForObjc.h */,
				DC79250019B95E3B00C8E1BB /* PinYinForObjc.m */,
				DC79250119B95E3B00C8E1BB /* PinyinHelper.h */,
				DC79250219B95E3B00C8E1BB /* PinyinHelper.m */,
				DC79250319B95E3B00C8E1BB /* unicode_to_hanyu_pinyin.txt */,
			);
			path = PinYin4Objc;
			sourceTree = "<group>";
		};
/* End PBXGroup section */

/* Begin PBXNativeTarget section */
		DC7924BB19B95D9600C8E1BB /* searchWithPYTest */ = {
			isa = PBXNativeTarget;
			buildConfigurationList = DC7924EE19B95D9700C8E1BB /* Build configuration list for PBXNativeTarget "searchWithPYTest" */;
			buildPhases = (
				DC7924B819B95D9600C8E1BB /* Sources */,
				DC7924B919B95D9600C8E1BB /* Frameworks */,
				DC7924BA19B95D9600C8E1BB /* Resources */,
			);
			buildRules = (
			);
			dependencies = (
			);
			name = searchWithPYTest;
			productName = searchWithPYTest;
			productReference = DC7924BC19B95D9600C8E1BB /* searchWithPYTest.app */;
			productType = "com.apple.product-type.application";
		};
		DC7924DC19B95D9700C8E1BB /* searchWithPYTestTests */ = {
			isa = PBXNativeTarget;
			buildConfigurationList = DC7924F119B95D9700C8E1BB /* Build configuration list for PBXNativeTarget "searchWithPYTestTests" */;
			buildPhases = (
				DC7924D919B95D9700C8E1BB /* Sources */,
				DC7924DA19B95D9700C8E1BB /* Frameworks */,
				DC7924DB19B95D9700C8E1BB /* Resources */,
			);
			buildRules = (
			);
			dependencies = (
				DC7924E319B95D9700C8E1BB /* PBXTargetDependency */,
			);
			name = searchWithPYTestTests;
			productName = searchWithPYTestTests;
			productReference = DC7924DD19B95D9700C8E1BB /* searchWithPYTestTests.xctest */;
			productType = "com.apple.product-type.bundle.unit-test";
		};
/* End PBXNativeTarget section */

/* Begin PBXProject section */
		DC7924B419B95D9600C8E1BB /* Project object */ = {
			isa = PBXProject;
			attributes = {
				LastUpgradeCheck = 0510;
				ORGANIZATIONNAME = yanzhg;
				TargetAttributes = {
					DC7924DC19B95D9700C8E1BB = {
						TestTargetID = DC7924BB19B95D9600C8E1BB;
					};
				};
			};
			buildConfigurationList = DC7924B719B95D9600C8E1BB /* Build configuration list for PBXProject "searchWithPYTest" */;
			compatibilityVersion = "Xcode 3.2";
			developmentRegion = English;
			hasScannedForEncodings = 0;
			knownRegions = (
				en,
				Base,
			);
			mainGroup = DC7924B319B95D9600C8E1BB;
			productRefGroup = DC7924BD19B95D9600C8E1BB /* Products */;
			projectDirPath = "";
			projectRoot = "";
			targets = (
				DC7924BB19B95D9600C8E1BB /* searchWithPYTest */,
				DC7924DC19B95D9700C8E1BB /* searchWithPYTestTests */,
			);
		};
/* End PBXProject section */

/* Begin PBXResourcesBuildPhase section */
		DC7924BA19B95D9600C8E1BB /* Resources */ = {
			isa = PBXResourcesBuildPhase;
			buildActionMask = 2147483647;
			files = (
				DC79250F19B95E5200C8E1BB /* citydict.plist in Resources */,
				DC79250C19B95E3B00C8E1BB /* unicode_to_hanyu_pinyin.txt in Resources */,
				DC7924D819B95D9600C8E1BB /* Images.xcassets in Resources */,
				DC7924CA19B95D9600C8E1BB /* InfoPlist.strings in Resources */,
				DC7924D319B95D9600C8E1BB /* Main.storyboard in Resources */,
			);
			runOnlyForDeploymentPostprocessing = 0;
		};
		DC7924DB19B95D9700C8E1BB /* Resources */ = {
			isa = PBXResourcesBuildPhase;
			buildActionMask = 2147483647;
			files = (
				DC7924E919B95D9700C8E1BB /* InfoPlist.strings in Resources */,
			);
			runOnlyForDeploymentPostprocessing = 0;
		};
/* End PBXResourcesBuildPhase section */

/* Begin PBXSourcesBuildPhase section */
		DC7924B819B95D9600C8E1BB /* Sources */ = {
			isa = PBXSourcesBuildPhase;
			buildActionMask = 2147483647;
			files = (
				DC79250B19B95E3B00C8E1BB /* PinyinHelper.m in Sources */,
				DC79250D19B95E3B00C8E1BB /* SearchResultTabCon.m in Sources */,
				DC7924D619B95D9600C8E1BB /* ViewController.m in Sources */,
				DC79250719B95E3B00C8E1BB /* HanyuPinyinOutputFormat.m in Sources */,
				DC79250619B95E3B00C8E1BB /* ChineseToPinyinResource.m in Sources */,
				DC79250819B95E3B00C8E1BB /* NSString+PinYin4Cocoa.m in Sources */,
				DC79250919B95E3B00C8E1BB /* PinyinFormatter.m in Sources */,
				DC7924D019B95D9600C8E1BB /* AppDelegate.m in Sources */,
				DC79250A19B95E3B00C8E1BB /* PinYinForObjc.m in Sources */,
				DC7924CC19B95D9600C8E1BB /* main.m in Sources */,
			);
			runOnlyForDeploymentPostprocessing = 0;
		};
		DC7924D919B95D9700C8E1BB /* Sources */ = {
			isa = PBXSourcesBuildPhase;
			buildActionMask = 2147483647;
			files = (
				DC7924EB19B95D9700C8E1BB /* searchWithPYTestTests.m in Sources */,
			);
			runOnlyForDeploymentPostprocessing = 0;
		};
/* End PBXSourcesBuildPhase section */

/* Begin PBXTargetDependency section */
		DC7924E319B95D9700C8E1BB /* PBXTargetDependency */ = {
			isa = PBXTargetDependency;
			target = DC7924BB19B95D9600C8E1BB /* searchWithPYTest */;
			targetProxy = DC7924E219B95D9700C8E1BB /* PBXContainerItemProxy */;
		};
/* End PBXTargetDependency section */

/* Begin PBXVariantGroup section */
		DC7924C819B95D9600C8E1BB /* InfoPlist.strings */ = {
			isa = PBXVariantGroup;
			children = (
				DC7924C919B95D9600C8E1BB /* en */,
			);
			name = InfoPlist.strings;
			sourceTree = "<group>";
		};
		DC7924D119B95D9600C8E1BB /* Main.storyboard */ = {
			isa = PBXVariantGroup;
			children = (
				DC7924D219B95D9600C8E1BB /* Base */,
			);
			name = Main.storyboard;
			sourceTree = "<group>";
		};
		DC7924E719B95D9700C8E1BB /* InfoPlist.strings */ = {
			isa = PBXVariantGroup;
			children = (
				DC7924E819B95D9700C8E1BB /* en */,
			);
			name = InfoPlist.strings;
			sourceTree = "<group>";
		};
/* End PBXVariantGroup section */

/* Begin XCBuildConfiguration section */
		DC7924EC19B95D9700C8E1BB /* Debug */ = {
			isa = XCBuildConfiguration;
			buildSettings = {
				ALWAYS_SEARCH_USER_PATHS = NO;
				CLANG_CXX_LANGUAGE_STANDARD = "gnu++0x";
				CLANG_CXX_LIBRARY = "libc++";
				CLANG_ENABLE_MODULES = YES;
				CLANG_ENABLE_OBJC_ARC = YES;
				CLANG_WARN_BOOL_CONVERSION = YES;
				CLANG_WARN_CONSTANT_CONVERSION = YES;
				CLANG_WARN_DIRECT_OBJC_ISA_USAGE = YES_ERROR;
				CLANG_WARN_EMPTY_BODY = YES;
				CLANG_WARN_ENUM_CONVERSION = YES;
				CLANG_WARN_INT_CONVERSION = YES;
				CLANG_WARN_OBJC_ROOT_CLASS = YES_ERROR;
				CLANG_WARN__DUPLICATE_METHOD_MATCH = YES;
				"CODE_SIGN_IDENTITY[sdk=iphoneos*]" = "iPhone Developer";
				COPY_PHASE_STRIP = NO;
				GCC_C_LANGUAGE_STANDARD = gnu99;
				GCC_DYNAMIC_NO_PIC = NO;
				GCC_OPTIMIZATION_LEVEL = 0;
				GCC_PREPROCESSOR_DEFINITIONS = (
					"DEBUG=1",
					"$(inherited)",
				);
				GCC_SYMBOLS_PRIVATE_EXTERN = NO;
				GCC_WARN_64_TO_32_BIT_CONVERSION = YES;
				GCC_WARN_ABOUT_RETURN_TYPE = YES_ERROR;
				GCC_WARN_UNDECLARED_SELECTOR = YES;
				GCC_WARN_UNINITIALIZED_AUTOS = YES_AGGRESSIVE;
				GCC_WARN_UNUSED_FUNCTION = YES;
				GCC_WARN_UNUSED_VARIABLE = YES;
				IPHONEOS_DEPLOYMENT_TARGET = 7.1;
				ONLY_ACTIVE_ARCH = YES;
				SDKROOT = iphoneos;
			};
			name = Debug;
		};
		DC7924ED19B95D9700C8E1BB /* Release */ = {
			isa = XCBuildConfiguration;
			buildSettings = {
				ALWAYS_SEARCH_USER_PATHS = NO;
				CLANG_CXX_LANGUAGE_STANDARD = "gnu++0x";
				CLANG_CXX_LIBRARY = "libc++";
				CLANG_ENABLE_MODULES = YES;
				CLANG_ENABLE_OBJC_ARC = YES;
				CLANG_WARN_BOOL_CONVERSION = YES;
				CLANG_WARN_CONSTANT_CONVERSION = YES;
				CLANG_WARN_DIRECT_OBJC_ISA_USAGE = YES_ERROR;
				CLANG_WARN_EMPTY_BODY = YES;
				CLANG_WARN_ENUM_CONVERSION = YES;
				CLANG_WARN_INT_CONVERSION = YES;
				CLANG_WARN_OBJC_ROOT_CLASS = YES_ERROR;
				CLANG_WARN__DUPLICATE_METHOD_MATCH = YES;
				"CODE_SIGN_IDENTITY[sdk=iphoneos*]" = "iPhone Developer";
				COPY_PHASE_STRIP = YES;
				ENABLE_NS_ASSERTIONS = NO;
				GCC_C_LANGUAGE_STANDARD = gnu99;
				GCC_WARN_64_TO_32_BIT_CONVERSION = YES;
				GCC_WARN_ABOUT_RETURN_TYPE = YES_ERROR;
				GCC_WARN_UNDECLARED_SELECTOR = YES;
				GCC_WARN_UNINITIALIZED_AUTOS = YES_AGGRESSIVE;
				GCC_WARN_UNUSED_FUNCTION = YES;
				GCC_WARN_UNUSED_VARIABLE = YES;
				IPHONEOS_DEPLOYMENT_TARGET = 7.1;
				SDKROOT = iphoneos;
				VALIDATE_PRODUCT = YES;
			};
			name = Release;
		};
		DC7924EF19B95D9700C8E1BB /* Debug */ = {
			isa = XCBuildConfiguration;
			buildSettings = {
				ASSETCATALOG_COMPILER_APPICON_NAME = AppIcon;
				ASSETCATALOG_COMPILER_LAUNCHIMAGE_NAME = LaunchImage;
				GCC_PRECOMPILE_PREFIX_HEADER = YES;
				GCC_PREFIX_HEADER = "searchWithPYTest/searchWithPYTest-Prefix.pch";
				INFOPLIST_FILE = "searchWithPYTest/searchWithPYTest-Info.plist";
				IPHONEOS_DEPLOYMENT_TARGET = 8.0;
				PRODUCT_NAME = "$(TARGET_NAME)";
				WRAPPER_EXTENSION = app;
			};
			name = Debug;
		};
		DC7924F019B95D9700C8E1BB /* Release */ = {
			isa = XCBuildConfiguration;
			buildSettings = {
				ASSETCATALOG_COMPILER_APPICON_NAME = AppIcon;
				ASSETCATALOG_COMPILER_LAUNCHIMAGE_NAME = LaunchImage;
				GCC_PRECOMPILE_PREFIX_HEADER = YES;
				GCC_PREFIX_HEADER = "searchWithPYTest/searchWithPYTest-Prefix.pch";
				INFOPLIST_FILE = "searchWithPYTest/searchWithPYTest-Info.plist";
				IPHONEOS_DEPLOYMENT_TARGET = 8.0;
				PRODUCT_NAME = "$(TARGET_NAME)";
				WRAPPER_EXTENSION = app;
			};
			name = Release;
		};
		DC7924F219B95D9700C8E1BB /* Debug */ = {
			isa = XCBuildConfiguration;
			buildSettings = {
				BUNDLE_LOADER = "$(BUILT_PRODUCTS_DIR)/searchWithPYTest.app/searchWithPYTest";
				FRAMEWORK_SEARCH_PATHS = (
					"$(SDKROOT)/Developer/Library/Frameworks",
					"$(inherited)",
					"$(DEVELOPER_FRAMEWORKS_DIR)",
				);
				GCC_PRECOMPILE_PREFIX_HEADER = YES;
				GCC_PREFIX_HEADER = "searchWithPYTest/searchWithPYTest-Prefix.pch";
				GCC_PREPROCESSOR_DEFINITIONS = (
					"DEBUG=1",
					"$(inherited)",
				);
				INFOPLIST_FILE = "searchWithPYTestTests/searchWithPYTestTests-Info.plist";
				PRODUCT_NAME = "$(TARGET_NAME)";
				TEST_HOST = "$(BUNDLE_LOADER)";
				WRAPPER_EXTENSION = xctest;
			};
			name = Debug;
		};
		DC7924F319B95D9700C8E1BB /* Release */ = {
			isa = XCBuildConfiguration;
			buildSettings = {
				BUNDLE_LOADER = "$(BUILT_PRODUCTS_DIR)/searchWithPYTest.app/searchWithPYTest";
				FRAMEWORK_SEARCH_PATHS = (
					"$(SDKROOT)/Developer/Library/Frameworks",
					"$(inherited)",
					"$(DEVELOPER_FRAMEWORKS_DIR)",
				);
				GCC_PRECOMPILE_PREFIX_HEADER = YES;
				GCC_PREFIX_HEADER = "searchWithPYTest/searchWithPYTest-Prefix.pch";
				INFOPLIST_FILE = "searchWithPYTestTests/searchWithPYTestTests-Info.plist";
				PRODUCT_NAME = "$(TARGET_NAME)";
				TEST_HOST = "$(BUNDLE_LOADER)";
				WRAPPER_EXTENSION = xctest;
			};
			name = Release;
		};
/* End XCBuildConfiguration section */

/* Begin XCConfigurationList section */
		DC7924B719B95D9600C8E1BB /* Build configuration list for PBXProject "searchWithPYTest" */ = {
			isa = XCConfigurationList;
			buildConfigurations = (
				DC7924EC19B95D9700C8E1BB /* Debug */,
				DC7924ED19B95D9700C8E1BB /* Release */,
			);
			defaultConfigurationIsVisible = 0;
			defaultConfigurationName = Release;
		};
		DC7924EE19B95D9700C8E1BB /* Build configuration list for PBXNativeTarget "searchWithPYTest" */ = {
			isa = XCConfigurationList;
			buildConfigurations = (
				DC7924EF19B95D9700C8E1BB /* Debug */,
				DC7924F019B95D9700C8E1BB /* Release */,
			);
			defaultConfigurationIsVisible = 0;
			defaultConfigurationName = Release;
		};
		DC7924F119B95D9700C8E1BB /* Build configuration list for PBXNativeTarget "searchWithPYTestTests" */ = {
			isa = XCConfigurationList;
			buildConfigurations = (
				DC7924F219B95D9700C8E1BB /* Debug */,
				DC7924F319B95D9700C8E1BB /* Release */,
			);
			defaultConfigurationIsVisible = 0;
			defaultConfigurationName = Release;
		};
/* End XCConfigurationList section */
	};
	rootObject = DC7924B419B95D9600C8E1BB /* Project object */;
}
